{
  "name": "hexo-site",
  "version": "0.0.0",
  "lockfileVersion": 1,
  "requires": true,
  "dependencies": {
    "hexo-theme-volantis": {
      "version": "4.3.1",
      "resolved": "https://registry.npmjs.org/hexo-theme-volantis/-/hexo-theme-volantis-4.3.1.tgz",
      "integrity": "sha512-caZd9fTiK62ZdskgdD5zenbg8E208kwKYQx8aYgV3moj3cUO02HMyxTuRY0WPcph/q+2MKa+k7xzT6C+pxI4IQ=="
    }
  }
}
